
Microsoft Visual Studio Solution File, Format Version 12.00
# Visual Studio Version 17
VisualStudioVersion = 17.6.33829.357
MinimumVisualStudioVersion = 10.0.40219.1
Project("{8BC9CEB8-8B4A-11D0-8D11-00A0C91BC942}") = "Sezar_Sifreleme_Algoritması_MCTYZLM_OPP_4", "Sezar_Sifreleme_Algoritması_MCTYZLM_OPP_4\Sezar_Sifreleme_Algoritması_MCTYZLM_OPP_4.vcxproj", "{009DA802-4A71-44CF-9A79-A37E391428B0}"
EndProject
Global
	GlobalSection(SolutionConfigurationPlatforms) = preSolution
		Debug|x64 = Debug|x64
		Debug|x86 = Debug|x86
		Release|x64 = Release|x64
		Release|x86 = Release|x86
	EndGlobalSection
	GlobalSection(ProjectConfigurationPlatforms) = postSolution
		{009DA802-4A71-44CF-9A79-A37E391428B0}.Debug|x64.ActiveCfg = Debug|x64
		{009DA802-4A71-44CF-9A79-A37E391428B0}.Debug|x64.Build.0 = Debug|x64
		{009DA802-4A71-44CF-9A79-A37E391428B0}.Debug|x86.ActiveCfg = Debug|Win32
		{009DA802-4A71-44CF-9A79-A37E391428B0}.Debug|x86.Build.0 = Debug|Win32
		{009DA802-4A71-44CF-9A79-A37E391428B0}.Release|x64.ActiveCfg = Release|x64
		{009DA802-4A71-44CF-9A79-A37E391428B0}.Release|x64.Build.0 = Release|x64
		{009DA802-4A71-44CF-9A79-A37E391428B0}.Release|x86.ActiveCfg = Release|Win32
		{009DA802-4A71-44CF-9A79-A37E391428B0}.Release|x86.Build.0 = Release|Win32
	EndGlobalSection
	GlobalSection(SolutionProperties) = preSolution
		HideSolutionNode = FALSE
	EndGlobalSection
	GlobalSection(ExtensibilityGlobals) = postSolution
		SolutionGuid = {74298F6D-6492-4E77-8C67-DE9176CD6D3B}
	EndGlobalSection
EndGlobal
